
Microsoft Visual Studio Solution File, Format Version 12.00
# Visual Studio Version 17
VisualStudioVersion = 17.8.34525.116
MinimumVisualStudioVersion = 10.0.40219.1
Project("{2150E333-8FDC-42A3-9474-1A3956D46DE8}") = "src", "src", "{5DEC7E12-90CC-44B3-8DEE-FF78BE490B7E}"
EndProject
Project("{2150E333-8FDC-42A3-9474-1A3956D46DE8}") = "tests", "tests", "{DF07EAA2-EBA9-409F-B630-76BA2CA209F1}"
EndProject
Project("{FAE04EC0-301F-11D3-BF4B-00C04F79EFBC}") = "RocketSeatAuction.API", "RocketSeatAuction.API\RocketSeatAuction.API.csproj", "{06AF2220-1BF7-4C20-87AD-52125DA0FB44}"
EndProject
Global
	GlobalSection(SolutionConfigurationPlatforms) = preSolution
		Debug|Any CPU = Debug|Any CPU
		Release|Any CPU = Release|Any CPU
	EndGlobalSection
	GlobalSection(ProjectConfigurationPlatforms) = postSolution
		{06AF2220-1BF7-4C20-87AD-52125DA0FB44}.Debug|Any CPU.ActiveCfg = Debug|Any CPU
		{06AF2220-1BF7-4C20-87AD-52125DA0FB44}.Debug|Any CPU.Build.0 = Debug|Any CPU
		{06AF2220-1BF7-4C20-87AD-52125DA0FB44}.Release|Any CPU.ActiveCfg = Release|Any CPU
		{06AF2220-1BF7-4C20-87AD-52125DA0FB44}.Release|Any CPU.Build.0 = Release|Any CPU
	EndGlobalSection
	GlobalSection(SolutionProperties) = preSolution
		HideSolutionNode = FALSE
	EndGlobalSection
	GlobalSection(NestedProjects) = preSolution
		{06AF2220-1BF7-4C20-87AD-52125DA0FB44} = {5DEC7E12-90CC-44B3-8DEE-FF78BE490B7E}
	EndGlobalSection
	GlobalSection(ExtensibilityGlobals) = postSolution
		SolutionGuid = {B026E2EF-3263-4D32-90F7-126545D52744}
	EndGlobalSection
EndGlobal
